
Microsoft Visual Studio Solution File, Format Version 12.00
# Visual Studio Version 17
VisualStudioVersion = 17.8.34330.188
MinimumVisualStudioVersion = 10.0.40219.1
Project("{FAE04EC0-301F-11D3-BF4B-00C04F79EFBC}") = "EquipServ", "EquipServ\EquipServ.csproj", "{A8A2431C-C73D-4BF3-A16A-D6DCD6A40FC0}"
EndProject
Global
	GlobalSection(SolutionConfigurationPlatforms) = preSolution
		Debug|Any CPU = Debug|Any CPU
		Release|Any CPU = Release|Any CPU
	EndGlobalSection
	GlobalSection(ProjectConfigurationPlatforms) = postSolution
		{A8A2431C-C73D-4BF3-A16A-D6DCD6A40FC0}.Debug|Any CPU.ActiveCfg = Debug|Any CPU
		{A8A2431C-C73D-4BF3-A16A-D6DCD6A40FC0}.Debug|Any CPU.Build.0 = Debug|Any CPU
		{A8A2431C-C73D-4BF3-A16A-D6DCD6A40FC0}.Release|Any CPU.ActiveCfg = Release|Any CPU
		{A8A2431C-C73D-4BF3-A16A-D6DCD6A40FC0}.Release|Any CPU.Build.0 = Release|Any CPU
	EndGlobalSection
	GlobalSection(SolutionProperties) = preSolution
		HideSolutionNode = FALSE
	EndGlobalSection
	GlobalSection(ExtensibilityGlobals) = postSolution
		SolutionGuid = {05B042BE-DD91-4DCB-BEC9-40D3E13C17B5}
	EndGlobalSection
EndGlobal
